
Microsoft Visual Studio Solution File, Format Version 12.00
# Visual Studio Version 17
VisualStudioVersion = 17.6.33717.318
MinimumVisualStudioVersion = 10.0.40219.1
Project("{FAE04EC0-301F-11D3-BF4B-00C04F79EFBC}") = "EuFaloClone", "EuFaloClone.csproj", "{2295322A-8EE3-4F65-A1DB-03D6876697D2}"
EndProject
Project("{FAE04EC0-301F-11D3-BF4B-00C04F79EFBC}") = "EuFaloCloneBiblioteca", "..\EuFaloCloneBiblioteca\EuFaloCloneBiblioteca.csproj", "{BDEA8F69-EB09-4916-B727-1117562305F2}"
EndProject
Global
	GlobalSection(SolutionConfigurationPlatforms) = preSolution
		Debug|Any CPU = Debug|Any CPU
		Release|Any CPU = Release|Any CPU
	EndGlobalSection
	GlobalSection(ProjectConfigurationPlatforms) = postSolution
		{2295322A-8EE3-4F65-A1DB-03D6876697D2}.Debug|Any CPU.ActiveCfg = Debug|Any CPU
		{2295322A-8EE3-4F65-A1DB-03D6876697D2}.Debug|Any CPU.Build.0 = Debug|Any CPU
		{2295322A-8EE3-4F65-A1DB-03D6876697D2}.Release|Any CPU.ActiveCfg = Release|Any CPU
		{2295322A-8EE3-4F65-A1DB-03D6876697D2}.Release|Any CPU.Build.0 = Release|Any CPU
		{BDEA8F69-EB09-4916-B727-1117562305F2}.Debug|Any CPU.ActiveCfg = Debug|Any CPU
		{BDEA8F69-EB09-4916-B727-1117562305F2}.Debug|Any CPU.Build.0 = Debug|Any CPU
		{BDEA8F69-EB09-4916-B727-1117562305F2}.Release|Any CPU.ActiveCfg = Release|Any CPU
		{BDEA8F69-EB09-4916-B727-1117562305F2}.Release|Any CPU.Build.0 = Release|Any CPU
	EndGlobalSection
	GlobalSection(SolutionProperties) = preSolution
		HideSolutionNode = FALSE
	EndGlobalSection
	GlobalSection(ExtensibilityGlobals) = postSolution
		SolutionGuid = {A397997A-9A29-4501-94C7-60868F95EF6F}
	EndGlobalSection
EndGlobal
